// !$*UTF8*$!
{
	archiveVersion = 1;
	classes = {
	};
	objectVersion = 55;
	objects = {

/* Begin PBXBuildFile section */
		5A1C59F52854861800A0595D /* VaporProperty.swift in Sources */ = {isa = PBXBuildFile; fileRef = 5A1C59F42854861800A0595D /* VaporProperty.swift */; };
		5A1C59F72854908100A0595D /* InputVaporPropertyView.swift in Sources */ = {isa = PBXBuildFile; fileRef = 5A1C59F62854908100A0595D /* InputVaporPropertyView.swift */; };
		5A1C59F82854908F00A0595D /* InputVaporPropertyView.swift in Sources */ = {isa = PBXBuildFile; fileRef = 5A1C59F62854908100A0595D /* InputVaporPropertyView.swift */; };
		5A1C59F9285490C300A0595D /* VaporProperty.swift in Sources */ = {isa = PBXBuildFile; fileRef = 5A1C59F42854861800A0595D /* VaporProperty.swift */; };
		5A1C59FB285494C600A0595D /* VaporCodeViewModel.swift in Sources */ = {isa = PBXBuildFile; fileRef = 5A1C59FA285494C600A0595D /* VaporCodeViewModel.swift */; };
		5A1C59FC285494C600A0595D /* VaporCodeViewModel.swift in Sources */ = {isa = PBXBuildFile; fileRef = 5A1C59FA285494C600A0595D /* VaporCodeViewModel.swift */; };
		5A1C59FE285495BF00A0595D /* FormVaporPropertyView.swift in Sources */ = {isa = PBXBuildFile; fileRef = 5A1C59FD285495BF00A0595D /* FormVaporPropertyView.swift */; };
		5A1C59FF285495BF00A0595D /* FormVaporPropertyView.swift in Sources */ = {isa = PBXBuildFile; fileRef = 5A1C59FD285495BF00A0595D /* FormVaporPropertyView.swift */; };
		5A1C5A012854971D00A0595D /* VaporCodeFinalView.swift in Sources */ = {isa = PBXBuildFile; fileRef = 5A1C5A002854971D00A0595D /* VaporCodeFinalView.swift */; };
		5A1C5A022854971D00A0595D /* VaporCodeFinalView.swift in Sources */ = {isa = PBXBuildFile; fileRef = 5A1C5A002854971D00A0595D /* VaporCodeFinalView.swift */; };
		5A3256AB284CBB9D00567EA8 /* TextStyle.swift in Sources */ = {isa = PBXBuildFile; fileRef = 5A3256AA284CBB9D00567EA8 /* TextStyle.swift */; };
		5A3256AC284CBB9D00567EA8 /* TextStyle.swift in Sources */ = {isa = PBXBuildFile; fileRef = 5A3256AA284CBB9D00567EA8 /* TextStyle.swift */; };
		5A3256AE284CBBD200567EA8 /* TextStyleImplement.swift in Sources */ = {isa = PBXBuildFile; fileRef = 5A3256AD284CBBD200567EA8 /* TextStyleImplement.swift */; };
		5A3256AF284CBBD200567EA8 /* TextStyleImplement.swift in Sources */ = {isa = PBXBuildFile; fileRef = 5A3256AD284CBBD200567EA8 /* TextStyleImplement.swift */; };
		5A3459BC286743A400C7A351 /* MacSwiftUI in Frameworks */ = {isa = PBXBuildFile; productRef = 5A3459BB286743A400C7A351 /* MacSwiftUI */; };
		5A3459BF28677C4F00C7A351 /* UserInputPrefixSuffix.swift in Sources */ = {isa = PBXBuildFile; fileRef = 5A3459BE28677C4F00C7A351 /* UserInputPrefixSuffix.swift */; };
		5A3459C128677D2D00C7A351 /* PrefixSuffixFinalView.swift in Sources */ = {isa = PBXBuildFile; fileRef = 5A3459C028677D2D00C7A351 /* PrefixSuffixFinalView.swift */; };
		5A3459C228677E3000C7A351 /* PrefixSuffixFinalView.swift in Sources */ = {isa = PBXBuildFile; fileRef = 5A3459C028677D2D00C7A351 /* PrefixSuffixFinalView.swift */; };
		5A3459C328677E3300C7A351 /* UserInputPrefixSuffix.swift in Sources */ = {isa = PBXBuildFile; fileRef = 5A3459BE28677C4F00C7A351 /* UserInputPrefixSuffix.swift */; };
		5A3459C52867800400C7A351 /* PrefixSuffixModel.swift in Sources */ = {isa = PBXBuildFile; fileRef = 5A3459C42867800400C7A351 /* PrefixSuffixModel.swift */; };
		5A3459C6286780D700C7A351 /* PrefixSuffixModel.swift in Sources */ = {isa = PBXBuildFile; fileRef = 5A3459C42867800400C7A351 /* PrefixSuffixModel.swift */; };
		5A451E85284BF2120093BFE0 /* CaseConversionViewModel.swift in Sources */ = {isa = PBXBuildFile; fileRef = 5A451E84284BF2120093BFE0 /* CaseConversionViewModel.swift */; };
		5A451E86284BF2180093BFE0 /* CaseConversionViewModel.swift in Sources */ = {isa = PBXBuildFile; fileRef = 5A451E84284BF2120093BFE0 /* CaseConversionViewModel.swift */; };
		5A451E88284BFA6F0093BFE0 /* CaseConverterView.swift in Sources */ = {isa = PBXBuildFile; fileRef = 5A451E87284BFA6F0093BFE0 /* CaseConverterView.swift */; };
		5A451E89284BFB410093BFE0 /* CaseConverterView.swift in Sources */ = {isa = PBXBuildFile; fileRef = 5A451E87284BFA6F0093BFE0 /* CaseConverterView.swift */; };
		5A77356B2854BDD600614E2E /* VaporOutputEditorView.swift in Sources */ = {isa = PBXBuildFile; fileRef = 5A77356A2854BDD600614E2E /* VaporOutputEditorView.swift */; };
		5A77356C2854BDD600614E2E /* VaporOutputEditorView.swift in Sources */ = {isa = PBXBuildFile; fileRef = 5A77356A2854BDD600614E2E /* VaporOutputEditorView.swift */; };
		5A77356E2854C1DC00614E2E /* Extensions.swift in Sources */ = {isa = PBXBuildFile; fileRef = 5A77356D2854C1DC00614E2E /* Extensions.swift */; };
		5A77356F2854C1DC00614E2E /* Extensions.swift in Sources */ = {isa = PBXBuildFile; fileRef = 5A77356D2854C1DC00614E2E /* Extensions.swift */; };
		5A7735712854E75D00614E2E /* VDKComboBox.swift in Sources */ = {isa = PBXBuildFile; fileRef = 5A7735702854E75D00614E2E /* VDKComboBox.swift */; };
		5A7735722854E75D00614E2E /* VDKComboBox.swift in Sources */ = {isa = PBXBuildFile; fileRef = 5A7735702854E75D00614E2E /* VDKComboBox.swift */; };
		5A7735752855067B00614E2E /* FieldPropertyWrapperView.swift in Sources */ = {isa = PBXBuildFile; fileRef = 5A7735742855067B00614E2E /* FieldPropertyWrapperView.swift */; };
		5A7735762855067B00614E2E /* FieldPropertyWrapperView.swift in Sources */ = {isa = PBXBuildFile; fileRef = 5A7735742855067B00614E2E /* FieldPropertyWrapperView.swift */; };
		5A7735782855071F00614E2E /* FieldTimestampTriggerView.swift in Sources */ = {isa = PBXBuildFile; fileRef = 5A7735772855071F00614E2E /* FieldTimestampTriggerView.swift */; };
		5A7735792855071F00614E2E /* FieldTimestampTriggerView.swift in Sources */ = {isa = PBXBuildFile; fileRef = 5A7735772855071F00614E2E /* FieldTimestampTriggerView.swift */; };
		5A77357B28550D4C00614E2E /* VaporModel.swift in Sources */ = {isa = PBXBuildFile; fileRef = 5A77357A28550D4C00614E2E /* VaporModel.swift */; };
		5A77357C28550D4C00614E2E /* VaporModel.swift in Sources */ = {isa = PBXBuildFile; fileRef = 5A77357A28550D4C00614E2E /* VaporModel.swift */; };
		5A773581285556EA00614E2E /* LazyTextField.swift in Sources */ = {isa = PBXBuildFile; fileRef = 5A773580285556EA00614E2E /* LazyTextField.swift */; };
		5A773582285556EA00614E2E /* LazyTextField.swift in Sources */ = {isa = PBXBuildFile; fileRef = 5A773580285556EA00614E2E /* LazyTextField.swift */; };
		5AEB6A53284B4A3700541959 /* RegexMatchListView.swift in Sources */ = {isa = PBXBuildFile; fileRef = 5AEB6A52284B4A3700541959 /* RegexMatchListView.swift */; };
		5AEB6A54284B4BF000541959 /* RegexMatchListView.swift in Sources */ = {isa = PBXBuildFile; fileRef = 5AEB6A52284B4A3700541959 /* RegexMatchListView.swift */; };
		5AEB6A58284B4D3C00541959 /* PatternInputView.swift in Sources */ = {isa = PBXBuildFile; fileRef = 5AEB6A57284B4D3C00541959 /* PatternInputView.swift */; };
		5AEB6A59284B4D3C00541959 /* PatternInputView.swift in Sources */ = {isa = PBXBuildFile; fileRef = 5AEB6A57284B4D3C00541959 /* PatternInputView.swift */; };
		5AEB6A5B284B4DA500541959 /* RegexViewModel.swift in Sources */ = {isa = PBXBuildFile; fileRef = 5AEB6A5A284B4DA500541959 /* RegexViewModel.swift */; };
		5AEB6A5C284B4DA500541959 /* RegexViewModel.swift in Sources */ = {isa = PBXBuildFile; fileRef = 5AEB6A5A284B4DA500541959 /* RegexViewModel.swift */; };
		5AFD0D6A286889BD00AC5652 /* TemplateMigration.txt in Resources */ = {isa = PBXBuildFile; fileRef = 5AFD0D69286889BD00AC5652 /* TemplateMigration.txt */; };
		5AFD0D6C28688AC500AC5652 /* TemplateModel.txt in Resources */ = {isa = PBXBuildFile; fileRef = 5AFD0D6B28688AC500AC5652 /* TemplateModel.txt */; };
		5AFD0D6E28688FC500AC5652 /* TemplateController.txt in Resources */ = {isa = PBXBuildFile; fileRef = 5AFD0D6D28688FC500AC5652 /* TemplateController.txt */; };
		5AFD0D702868930000AC5652 /* PopOver.swift in Sources */ = {isa = PBXBuildFile; fileRef = 5AFD0D6F2868930000AC5652 /* PopOver.swift */; };
		79933CB12842573E0007174B /* HtmlSwift in Frameworks */ = {isa = PBXBuildFile; productRef = 79933CB02842573E0007174B /* HtmlSwift */; };
		79933CB3284258D10007174B /* InputToOutputView.swift in Sources */ = {isa = PBXBuildFile; fileRef = 79933CB2284258D10007174B /* InputToOutputView.swift */; };
		79933CB4284258D10007174B /* InputToOutputView.swift in Sources */ = {isa = PBXBuildFile; fileRef = 79933CB2284258D10007174B /* InputToOutputView.swift */; };
		79933CB628425C490007174B /* HtmlToSwiftBirds.swift in Sources */ = {isa = PBXBuildFile; fileRef = 79933CB528425C490007174B /* HtmlToSwiftBirds.swift */; };
		79933CB728425C490007174B /* HtmlToSwiftBirds.swift in Sources */ = {isa = PBXBuildFile; fileRef = 79933CB528425C490007174B /* HtmlToSwiftBirds.swift */; };
		79933CBD284266DC0007174B /* HtmlSwift in Frameworks */ = {isa = PBXBuildFile; productRef = 79933CBC284266DC0007174B /* HtmlSwift */; };
		79933CBF2842686F0007174B /* MainView.swift in Sources */ = {isa = PBXBuildFile; fileRef = 79933CBE2842686F0007174B /* MainView.swift */; };
		79933CC02842686F0007174B /* MainView.swift in Sources */ = {isa = PBXBuildFile; fileRef = 79933CBE2842686F0007174B /* MainView.swift */; };
		79933CC2284268B40007174B /* MainSidebarView.swift in Sources */ = {isa = PBXBuildFile; fileRef = 79933CC1284268B40007174B /* MainSidebarView.swift */; };
		79933CC3284268B40007174B /* MainSidebarView.swift in Sources */ = {isa = PBXBuildFile; fileRef = 79933CC1284268B40007174B /* MainSidebarView.swift */; };
		79933CC528426C0E0007174B /* Tool.swift in Sources */ = {isa = PBXBuildFile; fileRef = 79933CC428426C0E0007174B /* Tool.swift */; };
		79933CC628426C0E0007174B /* Tool.swift in Sources */ = {isa = PBXBuildFile; fileRef = 79933CC428426C0E0007174B /* Tool.swift */; };
		79933CD3284283F10007174B /* ComingSoonView.swift in Sources */ = {isa = PBXBuildFile; fileRef = 79933CD2284283F10007174B /* ComingSoonView.swift */; };
		79933CD4284283F10007174B /* ComingSoonView.swift in Sources */ = {isa = PBXBuildFile; fileRef = 79933CD2284283F10007174B /* ComingSoonView.swift */; };
		7998D5062843B03400578C5A /* ShellCommand.swift in Sources */ = {isa = PBXBuildFile; fileRef = 7998D5052843B03400578C5A /* ShellCommand.swift */; };
		7998D5092843B0A300578C5A /* SearchTextFilesView.swift in Sources */ = {isa = PBXBuildFile; fileRef = 7998D5082843B0A300578C5A /* SearchTextFilesView.swift */; };
		7998D50A2843B10700578C5A /* SearchTextFilesView.swift in Sources */ = {isa = PBXBuildFile; fileRef = 7998D5082843B0A300578C5A /* SearchTextFilesView.swift */; };
		7998D50B2843B11000578C5A /* ShellCommand.swift in Sources */ = {isa = PBXBuildFile; fileRef = 7998D5052843B03400578C5A /* ShellCommand.swift */; };
		7998D50D2843B44100578C5A /* ButtonFilePickerPanelView.swift in Sources */ = {isa = PBXBuildFile; fileRef = 7998D50C2843B44100578C5A /* ButtonFilePickerPanelView.swift */; };
		7998D50F2843B4CF00578C5A /* FoundFilesView.swift in Sources */ = {isa = PBXBuildFile; fileRef = 7998D50E2843B4CF00578C5A /* FoundFilesView.swift */; };
		7998D5102843B52000578C5A /* ButtonFilePickerPanelView.swift in Sources */ = {isa = PBXBuildFile; fileRef = 7998D50C2843B44100578C5A /* ButtonFilePickerPanelView.swift */; };
		7998D5112843B52500578C5A /* FoundFilesView.swift in Sources */ = {isa = PBXBuildFile; fileRef = 7998D50E2843B4CF00578C5A /* FoundFilesView.swift */; };
		7998D5132843B5B700578C5A /* PreviewData.swift in Sources */ = {isa = PBXBuildFile; fileRef = 7998D5122843B5B700578C5A /* PreviewData.swift */; };
		7998D5142843B5ED00578C5A /* PreviewData.swift in Sources */ = {isa = PBXBuildFile; fileRef = 7998D5122843B5B700578C5A /* PreviewData.swift */; };
		7998D5182843BDCD00578C5A /* FileSearchModel.swift in Sources */ = {isa = PBXBuildFile; fileRef = 7998D5172843BDCD00578C5A /* FileSearchModel.swift */; };
		7998D5192843BDCD00578C5A /* FileSearchModel.swift in Sources */ = {isa = PBXBuildFile; fileRef = 7998D5172843BDCD00578C5A /* FileSearchModel.swift */; };
		7998D51B2843C31300578C5A /* FileContentView.swift in Sources */ = {isa = PBXBuildFile; fileRef = 7998D51A2843C31300578C5A /* FileContentView.swift */; };
		7998D51C2843C31300578C5A /* FileContentView.swift in Sources */ = {isa = PBXBuildFile; fileRef = 7998D51A2843C31300578C5A /* FileContentView.swift */; };
		79B886542870F13F008AF9EC /* MacProgressSpinner.swift in Sources */ = {isa = PBXBuildFile; fileRef = 79B886532870F13F008AF9EC /* MacProgressSpinner.swift */; };
		79B886552870F13F008AF9EC /* MacProgressSpinner.swift in Sources */ = {isa = PBXBuildFile; fileRef = 79B886532870F13F008AF9EC /* MacProgressSpinner.swift */; };
		79C12BE428423EF000F19A86 /* DimeADozenApp.swift in Sources */ = {isa = PBXBuildFile; fileRef = 79C12BD428423EEF00F19A86 /* DimeADozenApp.swift */; };
		79C12BE528423EF000F19A86 /* DimeADozenApp.swift in Sources */ = {isa = PBXBuildFile; fileRef = 79C12BD428423EEF00F19A86 /* DimeADozenApp.swift */; };
		79C12BE628423EF000F19A86 /* ContentView.swift in Sources */ = {isa = PBXBuildFile; fileRef = 79C12BD528423EEF00F19A86 /* ContentView.swift */; };
		79C12BE728423EF000F19A86 /* ContentView.swift in Sources */ = {isa = PBXBuildFile; fileRef = 79C12BD528423EEF00F19A86 /* ContentView.swift */; };
		79C12BE828423EF000F19A86 /* Assets.xcassets in Resources */ = {isa = PBXBuildFile; fileRef = 79C12BD628423EF000F19A86 /* Assets.xcassets */; };
		79C12BE928423EF000F19A86 /* Assets.xcassets in Resources */ = {isa = PBXBuildFile; fileRef = 79C12BD628423EF000F19A86 /* Assets.xcassets */; };
		79C12BF828423F8000F19A86 /* UserEditorView.swift in Sources */ = {isa = PBXBuildFile; fileRef = 79C12BF728423F8000F19A86 /* UserEditorView.swift */; };
		79C12BFC2842403800F19A86 /* UserEditorView.swift in Sources */ = {isa = PBXBuildFile; fileRef = 79C12BF728423F8000F19A86 /* UserEditorView.swift */; };
		79C8EBF02842D80200CBD622 /* ToggleSidebarButton.swift in Sources */ = {isa = PBXBuildFile; fileRef = 79C8EBEF2842D80200CBD622 /* ToggleSidebarButton.swift */; };
		79C8EBF12842D80200CBD622 /* ToggleSidebarButton.swift in Sources */ = {isa = PBXBuildFile; fileRef = 79C8EBEF2842D80200CBD622 /* ToggleSidebarButton.swift */; };
/* End PBXBuildFile section */

/* Begin PBXFileReference section */
		5A1C59F42854861800A0595D /* VaporProperty.swift */ = {isa = PBXFileReference; lastKnownFileType = sourcecode.swift; path = VaporProperty.swift; sourceTree = "<group>"; };
		5A1C59F62854908100A0595D /* InputVaporPropertyView.swift */ = {isa = PBXFileReference; lastKnownFileType = sourcecode.swift; path = InputVaporPropertyView.swift; sourceTree = "<group>"; };
		5A1C59FA285494C600A0595D /* VaporCodeViewModel.swift */ = {isa = PBXFileReference; lastKnownFileType = sourcecode.swift; path = VaporCodeViewModel.swift; sourceTree = "<group>"; };
		5A1C59FD285495BF00A0595D /* FormVaporPropertyView.swift */ = {isa = PBXFileReference; lastKnownFileType = sourcecode.swift; path = FormVaporPropertyView.swift; sourceTree = "<group>"; };
		5A1C5A002854971D00A0595D /* VaporCodeFinalView.swift */ = {isa = PBXFileReference; lastKnownFileType = sourcecode.swift; path = VaporCodeFinalView.swift; sourceTree = "<group>"; };
		5A3256AA284CBB9D00567EA8 /* TextStyle.swift */ = {isa = PBXFileReference; lastKnownFileType = sourcecode.swift; path = TextStyle.swift; sourceTree = "<group>"; };
		5A3256AD284CBBD200567EA8 /* TextStyleImplement.swift */ = {isa = PBXFileReference; lastKnownFileType = sourcecode.swift; path = TextStyleImplement.swift; sourceTree = "<group>"; };
		5A3459BE28677C4F00C7A351 /* UserInputPrefixSuffix.swift */ = {isa = PBXFileReference; lastKnownFileType = sourcecode.swift; path = UserInputPrefixSuffix.swift; sourceTree = "<group>"; };
		5A3459C028677D2D00C7A351 /* PrefixSuffixFinalView.swift */ = {isa = PBXFileReference; lastKnownFileType = sourcecode.swift; path = PrefixSuffixFinalView.swift; sourceTree = "<group>"; };
		5A3459C42867800400C7A351 /* PrefixSuffixModel.swift */ = {isa = PBXFileReference; lastKnownFileType = sourcecode.swift; path = PrefixSuffixModel.swift; sourceTree = "<group>"; };
		5A451E84284BF2120093BFE0 /* CaseConversionViewModel.swift */ = {isa = PBXFileReference; lastKnownFileType = sourcecode.swift; path = CaseConversionViewModel.swift; sourceTree = "<group>"; };
		5A451E87284BFA6F0093BFE0 /* CaseConverterView.swift */ = {isa = PBXFileReference; lastKnownFileType = sourcecode.swift; path = CaseConverterView.swift; sourceTree = "<group>"; };
		5A77356A2854BDD600614E2E /* VaporOutputEditorView.swift */ = {isa = PBXFileReference; lastKnownFileType = sourcecode.swift; path = VaporOutputEditorView.swift; sourceTree = "<group>"; };
		5A77356D2854C1DC00614E2E /* Extensions.swift */ = {isa = PBXFileReference; lastKnownFileType = sourcecode.swift; path = Extensions.swift; sourceTree = "<group>"; };
		5A7735702854E75D00614E2E /* VDKComboBox.swift */ = {isa = PBXFileReference; lastKnownFileType = sourcecode.swift; path = VDKComboBox.swift; sourceTree = "<group>"; };
		5A7735742855067B00614E2E /* FieldPropertyWrapperView.swift */ = {isa = PBXFileReference; lastKnownFileType = sourcecode.swift; path = FieldPropertyWrapperView.swift; sourceTree = "<group>"; };
		5A7735772855071F00614E2E /* FieldTimestampTriggerView.swift */ = {isa = PBXFileReference; lastKnownFileType = sourcecode.swift; path = FieldTimestampTriggerView.swift; sourceTree = "<group>"; };
		5A77357A28550D4C00614E2E /* VaporModel.swift */ = {isa = PBXFileReference; lastKnownFileType = sourcecode.swift; path = VaporModel.swift; sourceTree = "<group>"; };
		5A773580285556EA00614E2E /* LazyTextField.swift */ = {isa = PBXFileReference; lastKnownFileType = sourcecode.swift; path = LazyTextField.swift; sourceTree = "<group>"; };
		5AEB6A52284B4A3700541959 /* RegexMatchListView.swift */ = {isa = PBXFileReference; lastKnownFileType = sourcecode.swift; path = RegexMatchListView.swift; sourceTree = "<group>"; };
		5AEB6A57284B4D3C00541959 /* PatternInputView.swift */ = {isa = PBXFileReference; lastKnownFileType = sourcecode.swift; path = PatternInputView.swift; sourceTree = "<group>"; };
		5AEB6A5A284B4DA500541959 /* RegexViewModel.swift */ = {isa = PBXFileReference; lastKnownFileType = sourcecode.swift; path = RegexViewModel.swift; sourceTree = "<group>"; };
		5AFD0D69286889BD00AC5652 /* TemplateMigration.txt */ = {isa = PBXFileReference; lastKnownFileType = text; path = TemplateMigration.txt; sourceTree = "<group>"; xcLanguageSpecificationIdentifier = xcode.lang.swift; };
		5AFD0D6B28688AC500AC5652 /* TemplateModel.txt */ = {isa = PBXFileReference; lastKnownFileType = text; path = TemplateModel.txt; sourceTree = "<group>"; xcLanguageSpecificationIdentifier = xcode.lang.swift; };
		5AFD0D6D28688FC500AC5652 /* TemplateController.txt */ = {isa = PBXFileReference; lastKnownFileType = text; path = TemplateController.txt; sourceTree = "<group>"; xcLanguageSpecificationIdentifier = xcode.lang.swift; };
		5AFD0D6F2868930000AC5652 /* PopOver.swift */ = {isa = PBXFileReference; lastKnownFileType = sourcecode.swift; path = PopOver.swift; sourceTree = "<group>"; };
		79933CB2284258D10007174B /* InputToOutputView.swift */ = {isa = PBXFileReference; lastKnownFileType = sourcecode.swift; path = InputToOutputView.swift; sourceTree = "<group>"; };
		79933CB528425C490007174B /* HtmlToSwiftBirds.swift */ = {isa = PBXFileReference; lastKnownFileType = sourcecode.swift; path = HtmlToSwiftBirds.swift; sourceTree = "<group>"; };
		79933CBE2842686F0007174B /* MainView.swift */ = {isa = PBXFileReference; lastKnownFileType = sourcecode.swift; path = MainView.swift; sourceTree = "<group>"; };
		79933CC1284268B40007174B /* MainSidebarView.swift */ = {isa = PBXFileReference; lastKnownFileType = sourcecode.swift; path = MainSidebarView.swift; sourceTree = "<group>"; };
		79933CC428426C0E0007174B /* Tool.swift */ = {isa = PBXFileReference; lastKnownFileType = sourcecode.swift; name = Tool.swift; path = Shared/Main/Tool.swift; sourceTree = SOURCE_ROOT; };
		79933CD2284283F10007174B /* ComingSoonView.swift */ = {isa = PBXFileReference; lastKnownFileType = sourcecode.swift; path = ComingSoonView.swift; sourceTree = "<group>"; };
		7998D5052843B03400578C5A /* ShellCommand.swift */ = {isa = PBXFileReference; lastKnownFileType = sourcecode.swift; path = ShellCommand.swift; sourceTree = "<group>"; };
		7998D5082843B0A300578C5A /* SearchTextFilesView.swift */ = {isa = PBXFileReference; lastKnownFileType = sourcecode.swift; path = SearchTextFilesView.swift; sourceTree = "<group>"; };
		7998D50C2843B44100578C5A /* ButtonFilePickerPanelView.swift */ = {isa = PBXFileReference; lastKnownFileType = sourcecode.swift; path = ButtonFilePickerPanelView.swift; sourceTree = "<group>"; };
		7998D50E2843B4CF00578C5A /* FoundFilesView.swift */ = {isa = PBXFileReference; lastKnownFileType = sourcecode.swift; path = FoundFilesView.swift; sourceTree = "<group>"; };
		7998D5122843B5B700578C5A /* PreviewData.swift */ = {isa = PBXFileReference; lastKnownFileType = sourcecode.swift; path = PreviewData.swift; sourceTree = "<group>"; };
		7998D5172843BDCD00578C5A /* FileSearchModel.swift */ = {isa = PBXFileReference; lastKnownFileType = sourcecode.swift; path = FileSearchModel.swift; sourceTree = "<group>"; };
		7998D51A2843C31300578C5A /* FileContentView.swift */ = {isa = PBXFileReference; lastKnownFileType = sourcecode.swift; path = FileContentView.swift; sourceTree = "<group>"; };
		79B886532870F13F008AF9EC /* MacProgressSpinner.swift */ = {isa = PBXFileReference; lastKnownFileType = sourcecode.swift; path = MacProgressSpinner.swift; sourceTree = "<group>"; };
		79C12BD428423EEF00F19A86 /* DimeADozenApp.swift */ = {isa = PBXFileReference; lastKnownFileType = sourcecode.swift; path = DimeADozenApp.swift; sourceTree = "<group>"; };
		79C12BD528423EEF00F19A86 /* ContentView.swift */ = {isa = PBXFileReference; lastKnownFileType = sourcecode.swift; path = ContentView.swift; sourceTree = "<group>"; };
		79C12BD628423EF000F19A86 /* Assets.xcassets */ = {isa = PBXFileReference; lastKnownFileType = folder.assetcatalog; path = Assets.xcassets; sourceTree = "<group>"; };
		79C12BDB28423EF000F19A86 /* DimeADozen.app */ = {isa = PBXFileReference; explicitFileType = wrapper.application; includeInIndex = 0; path = DimeADozen.app; sourceTree = BUILT_PRODUCTS_DIR; };
		79C12BE128423EF000F19A86 /* DimeADozen.app */ = {isa = PBXFileReference; explicitFileType = wrapper.application; includeInIndex = 0; path = DimeADozen.app; sourceTree = BUILT_PRODUCTS_DIR; };
		79C12BE328423EF000F19A86 /* macOS.entitlements */ = {isa = PBXFileReference; lastKnownFileType = text.plist.entitlements; path = macOS.entitlements; sourceTree = "<group>"; };
		79C12BF728423F8000F19A86 /* UserEditorView.swift */ = {isa = PBXFileReference; lastKnownFileType = sourcecode.swift; path = UserEditorView.swift; sourceTree = "<group>"; };
		79C8EBEF2842D80200CBD622 /* ToggleSidebarButton.swift */ = {isa = PBXFileReference; lastKnownFileType = sourcecode.swift; path = ToggleSidebarButton.swift; sourceTree = "<group>"; };
/* End PBXFileReference section */

/* Begin PBXFrameworksBuildPhase section */
		79C12BD828423EF000F19A86 /* Frameworks */ = {
			isa = PBXFrameworksBuildPhase;
			buildActionMask = 2147483647;
			files = (
			);
			runOnlyForDeploymentPostprocessing = 0;
		};
		79C12BDE28423EF000F19A86 /* Frameworks */ = {
			isa = PBXFrameworksBuildPhase;
			buildActionMask = 2147483647;
			files = (
				5A3459BC286743A400C7A351 /* MacSwiftUI in Frameworks */,
				79933CB12842573E0007174B /* HtmlSwift in Frameworks */,
				79933CBD284266DC0007174B /* HtmlSwift in Frameworks */,
			);
			runOnlyForDeploymentPostprocessing = 0;
		};
/* End PBXFrameworksBuildPhase section */

/* Begin PBXGroup section */
		5A1C59F3285485DA00A0595D /* VaporNewModel */ = {
			isa = PBXGroup;
			children = (
				5AFD0D65286884CE00AC5652 /* VaporTemplateFiles */,
				5A7735732855065500614E2E /* InputFieldViews */,
				5A1C59FA285494C600A0595D /* VaporCodeViewModel.swift */,
				5A77357A28550D4C00614E2E /* VaporModel.swift */,
				5A1C59F42854861800A0595D /* VaporProperty.swift */,
				5A1C59F62854908100A0595D /* InputVaporPropertyView.swift */,
				5A1C59FD285495BF00A0595D /* FormVaporPropertyView.swift */,
				5A77356A2854BDD600614E2E /* VaporOutputEditorView.swift */,
				5A1C5A002854971D00A0595D /* VaporCodeFinalView.swift */,
			);
			path = VaporNewModel;
			sourceTree = "<group>";
		};
		5A3459BD28677C1800C7A351 /* PrefixSuffix */ = {
			isa = PBXGroup;
			children = (
				5A3459BE28677C4F00C7A351 /* UserInputPrefixSuffix.swift */,
				5A3459C028677D2D00C7A351 /* PrefixSuffixFinalView.swift */,
				5A3459C42867800400C7A351 /* PrefixSuffixModel.swift */,
			);
			path = PrefixSuffix;
			sourceTree = "<group>";
		};
		5A451E83284BF1EB0093BFE0 /* CaseConverter */ = {
			isa = PBXGroup;
			children = (
				5A3256AA284CBB9D00567EA8 /* TextStyle.swift */,
				5A3256AD284CBBD200567EA8 /* TextStyleImplement.swift */,
				5A451E84284BF2120093BFE0 /* CaseConversionViewModel.swift */,
				5A451E87284BFA6F0093BFE0 /* CaseConverterView.swift */,
			);
			path = CaseConverter;
			sourceTree = "<group>";
		};
		5A7735732855065500614E2E /* InputFieldViews */ = {
			isa = PBXGroup;
			children = (
				5A7735742855067B00614E2E /* FieldPropertyWrapperView.swift */,
				5A7735772855071F00614E2E /* FieldTimestampTriggerView.swift */,
				5A773580285556EA00614E2E /* LazyTextField.swift */,
				5A7735702854E75D00614E2E /* VDKComboBox.swift */,
				5AFD0D6F2868930000AC5652 /* PopOver.swift */,
			);
			path = InputFieldViews;
			sourceTree = "<group>";
		};
		5AEB6A51284B493000541959 /* RegexExtract */ = {
			isa = PBXGroup;
			children = (
				5AEB6A5A284B4DA500541959 /* RegexViewModel.swift */,
				5AEB6A57284B4D3C00541959 /* PatternInputView.swift */,
				5AEB6A52284B4A3700541959 /* RegexMatchListView.swift */,
			);
			path = RegexExtract;
			sourceTree = "<group>";
		};
		5AFD0D65286884CE00AC5652 /* VaporTemplateFiles */ = {
			isa = PBXGroup;
			children = (
				5AFD0D69286889BD00AC5652 /* TemplateMigration.txt */,
				5AFD0D6B28688AC500AC5652 /* TemplateModel.txt */,
				5AFD0D6D28688FC500AC5652 /* TemplateController.txt */,
			);
			path = VaporTemplateFiles;
			sourceTree = "<group>";
		};
		7998D5042843B00B00578C5A /* FileSearch */ = {
			isa = PBXGroup;
			children = (
				7998D5172843BDCD00578C5A /* FileSearchModel.swift */,
				7998D5072843B07200578C5A /* Views */,
			);
			path = FileSearch;
			sourceTree = "<group>";
		};
		7998D5072843B07200578C5A /* Views */ = {
			isa = PBXGroup;
			children = (
				7998D50C2843B44100578C5A /* ButtonFilePickerPanelView.swift */,
				7998D50E2843B4CF00578C5A /* FoundFilesView.swift */,
				7998D51A2843C31300578C5A /* FileContentView.swift */,
				7998D5082843B0A300578C5A /* SearchTextFilesView.swift */,
				79B886532870F13F008AF9EC /* MacProgressSpinner.swift */,
			);
			path = Views;
			sourceTree = "<group>";
		};
		79C12BCE28423EEF00F19A86 = {
			isa = PBXGroup;
			children = (
				79C12BD328423EEF00F19A86 /* Shared */,
				79C12BE228423EF000F19A86 /* macOS */,
				79C12BDC28423EF000F19A86 /* Products */,
				79F0D1DC2842519E005F121A /* Frameworks */,
			);
			sourceTree = "<group>";
		};
		79C12BD328423EEF00F19A86 /* Shared */ = {
			isa = PBXGroup;
			children = (
				7998D5122843B5B700578C5A /* PreviewData.swift */,
				79C12BF528423F6500F19A86 /* Main */,
				5A1C59F3285485DA00A0595D /* VaporNewModel */,
				79C12BF228423F2800F19A86 /* HtmlToSwift */,
				5A451E83284BF1EB0093BFE0 /* CaseConverter */,
				7998D5042843B00B00578C5A /* FileSearch */,
				5AEB6A51284B493000541959 /* RegexExtract */,
				5A3459BD28677C1800C7A351 /* PrefixSuffix */,
				79C12BD528423EEF00F19A86 /* ContentView.swift */,
				79C12BD428423EEF00F19A86 /* DimeADozenApp.swift */,
				79C12BD628423EF000F19A86 /* Assets.xcassets */,
			);
			path = Shared;
			sourceTree = "<group>";
		};
		79C12BDC28423EF000F19A86 /* Products */ = {
			isa = PBXGroup;
			children = (
				79C12BDB28423EF000F19A86 /* DimeADozen.app */,
				79C12BE128423EF000F19A86 /* DimeADozen.app */,
			);
			name = Products;
			sourceTree = "<group>";
		};
		79C12BE228423EF000F19A86 /* macOS */ = {
			isa = PBXGroup;
			children = (
				79C12BE328423EF000F19A86 /* macOS.entitlements */,
			);
			path = macOS;
			sourceTree = "<group>";
		};
		79C12BF228423F2800F19A86 /* HtmlToSwift */ = {
			isa = PBXGroup;
			children = (
				79C12BF428423F5A00F19A86 /* Views */,
				79933CB528425C490007174B /* HtmlToSwiftBirds.swift */,
			);
			path = HtmlToSwift;
			sourceTree = "<group>";
		};
		79C12BF428423F5A00F19A86 /* Views */ = {
			isa = PBXGroup;
			children = (
				79C12BF728423F8000F19A86 /* UserEditorView.swift */,
				79933CB2284258D10007174B /* InputToOutputView.swift */,
			);
			path = Views;
			sourceTree = "<group>";
		};
		79C12BF528423F6500F19A86 /* Main */ = {
			isa = PBXGroup;
			children = (
				79933CC428426C0E0007174B /* Tool.swift */,
				5A77356D2854C1DC00614E2E /* Extensions.swift */,
				7998D5052843B03400578C5A /* ShellCommand.swift */,
				79C12BF628423F6C00F19A86 /* Views */,
			);
			path = Main;
			sourceTree = "<group>";
		};
		79C12BF628423F6C00F19A86 /* Views */ = {
			isa = PBXGroup;
			children = (
				79933CBE2842686F0007174B /* MainView.swift */,
				79933CC1284268B40007174B /* MainSidebarView.swift */,
				79C8EBEF2842D80200CBD622 /* ToggleSidebarButton.swift */,
				79933CD2284283F10007174B /* ComingSoonView.swift */,
			);
			path = Views;
			sourceTree = "<group>";
		};
		79F0D1DC2842519E005F121A /* Frameworks */ = {
			isa = PBXGroup;
			children = (
			);
			name = Frameworks;
			sourceTree = "<group>";
		};
/* End PBXGroup section */

/* Begin PBXNativeTarget section */
		79C12BDA28423EF000F19A86 /* DimeADozen (iOS) */ = {
			isa = PBXNativeTarget;
			buildConfigurationList = 79C12BEC28423EF000F19A86 /* Build configuration list for PBXNativeTarget "DimeADozen (iOS)" */;
			buildPhases = (
				79C12BD728423EF000F19A86 /* Sources */,
				79C12BD828423EF000F19A86 /* Frameworks */,
				79C12BD928423EF000F19A86 /* Resources */,
			);
			buildRules = (
			);
			dependencies = (
			);
			name = "DimeADozen (iOS)";
			packageProductDependencies = (
			);
			productName = "DimeADozen (iOS)";
			productReference = 79C12BDB28423EF000F19A86 /* DimeADozen.app */;
			productType = "com.apple.product-type.application";
		};
		79C12BE028423EF000F19A86 /* DimeADozen (macOS) */ = {
			isa = PBXNativeTarget;
			buildConfigurationList = 79C12BEF28423EF000F19A86 /* Build configuration list for PBXNativeTarget "DimeADozen (macOS)" */;
			buildPhases = (
				79C12BDD28423EF000F19A86 /* Sources */,
				79C12BDE28423EF000F19A86 /* Frameworks */,
				79C12BDF28423EF000F19A86 /* Resources */,
			);
			buildRules = (
			);
			dependencies = (
			);
			name = "DimeADozen (macOS)";
			packageProductDependencies = (
				79933CB02842573E0007174B /* HtmlSwift */,
				79933CBC284266DC0007174B /* HtmlSwift */,
				5A3459BB286743A400C7A351 /* MacSwiftUI */,
			);
			productName = "DimeADozen (macOS)";
			productReference = 79C12BE128423EF000F19A86 /* DimeADozen.app */;
			productType = "com.apple.product-type.application";
		};
/* End PBXNativeTarget section */

/* Begin PBXProject section */
		79C12BCF28423EEF00F19A86 /* Project object */ = {
			isa = PBXProject;
			attributes = {
				BuildIndependentTargetsInParallel = 1;
				LastSwiftUpdateCheck = 1340;
				LastUpgradeCheck = 1340;
				TargetAttributes = {
					79C12BDA28423EF000F19A86 = {
						CreatedOnToolsVersion = 13.4;
					};
					79C12BE028423EF000F19A86 = {
						CreatedOnToolsVersion = 13.4;
					};
				};
			};
			buildConfigurationList = 79C12BD228423EEF00F19A86 /* Build configuration list for PBXProject "DimeADozen" */;
			compatibilityVersion = "Xcode 13.0";
			developmentRegion = en;
			hasScannedForEncodings = 0;
			knownRegions = (
				en,
				Base,
			);
			mainGroup = 79C12BCE28423EEF00F19A86;
			packageReferences = (
				79933CBB284266DC0007174B /* XCRemoteSwiftPackageReference "html-swift" */,
				5A3459BA286743A400C7A351 /* XCRemoteSwiftPackageReference "MacSwiftUI" */,
			);
			productRefGroup = 79C12BDC28423EF000F19A86 /* Products */;
			projectDirPath = "";
			projectRoot = "";
			targets = (
				79C12BDA28423EF000F19A86 /* DimeADozen (iOS) */,
				79C12BE028423EF000F19A86 /* DimeADozen (macOS) */,
			);
		};
/* End PBXProject section */

/* Begin PBXResourcesBuildPhase section */
		79C12BD928423EF000F19A86 /* Resources */ = {
			isa = PBXResourcesBuildPhase;
			buildActionMask = 2147483647;
			files = (
				79C12BE828423EF000F19A86 /* Assets.xcassets in Resources */,
			);
			runOnlyForDeploymentPostprocessing = 0;
		};
		79C12BDF28423EF000F19A86 /* Resources */ = {
			isa = PBXResourcesBuildPhase;
			buildActionMask = 2147483647;
			files = (
				5AFD0D6E28688FC500AC5652 /* TemplateController.txt in Resources */,
				79C12BE928423EF000F19A86 /* Assets.xcassets in Resources */,
				5AFD0D6C28688AC500AC5652 /* TemplateModel.txt in Resources */,
				5AFD0D6A286889BD00AC5652 /* TemplateMigration.txt in Resources */,
			);
			runOnlyForDeploymentPostprocessing = 0;
		};
/* End PBXResourcesBuildPhase section */

/* Begin PBXSourcesBuildPhase section */
		79C12BD728423EF000F19A86 /* Sources */ = {
			isa = PBXSourcesBuildPhase;
			buildActionMask = 2147483647;
			files = (
				79933CC2284268B40007174B /* MainSidebarView.swift in Sources */,
				79C8EBF02842D80200CBD622 /* ToggleSidebarButton.swift in Sources */,
				5A1C59FE285495BF00A0595D /* FormVaporPropertyView.swift in Sources */,
				5A3459C52867800400C7A351 /* PrefixSuffixModel.swift in Sources */,
				79C12BF828423F8000F19A86 /* UserEditorView.swift in Sources */,
				7998D50D2843B44100578C5A /* ButtonFilePickerPanelView.swift in Sources */,
				5A3256AB284CBB9D00567EA8 /* TextStyle.swift in Sources */,
				5AEB6A53284B4A3700541959 /* RegexMatchListView.swift in Sources */,
				5AEB6A5B284B4DA500541959 /* RegexViewModel.swift in Sources */,
				7998D5062843B03400578C5A /* ShellCommand.swift in Sources */,
				5A451E88284BFA6F0093BFE0 /* CaseConverterView.swift in Sources */,
				5A1C59F72854908100A0595D /* InputVaporPropertyView.swift in Sources */,
				7998D5132843B5B700578C5A /* PreviewData.swift in Sources */,
				5A77357B28550D4C00614E2E /* VaporModel.swift in Sources */,
				5A7735752855067B00614E2E /* FieldPropertyWrapperView.swift in Sources */,
				79933CBF2842686F0007174B /* MainView.swift in Sources */,
				7998D5182843BDCD00578C5A /* FileSearchModel.swift in Sources */,
				7998D5092843B0A300578C5A /* SearchTextFilesView.swift in Sources */,
				5A451E85284BF2120093BFE0 /* CaseConversionViewModel.swift in Sources */,
				5A3459BF28677C4F00C7A351 /* UserInputPrefixSuffix.swift in Sources */,
				5A7735712854E75D00614E2E /* VDKComboBox.swift in Sources */,
				7998D50F2843B4CF00578C5A /* FoundFilesView.swift in Sources */,
				5AEB6A58284B4D3C00541959 /* PatternInputView.swift in Sources */,
				79933CB3284258D10007174B /* InputToOutputView.swift in Sources */,
				79B886542870F13F008AF9EC /* MacProgressSpinner.swift in Sources */,
				5A77356E2854C1DC00614E2E /* Extensions.swift in Sources */,
				5A3459C128677D2D00C7A351 /* PrefixSuffixFinalView.swift in Sources */,
				5A77356B2854BDD600614E2E /* VaporOutputEditorView.swift in Sources */,
				79C12BE628423EF000F19A86 /* ContentView.swift in Sources */,
				7998D51B2843C31300578C5A /* FileContentView.swift in Sources */,
				5A1C59F52854861800A0595D /* VaporProperty.swift in Sources */,
				5A773581285556EA00614E2E /* LazyTextField.swift in Sources */,
				5A1C5A012854971D00A0595D /* VaporCodeFinalView.swift in Sources */,
				5A7735782855071F00614E2E /* FieldTimestampTriggerView.swift in Sources */,
				79C12BE428423EF000F19A86 /* DimeADozenApp.swift in Sources */,
				5A3256AE284CBBD200567EA8 /* TextStyleImplement.swift in Sources */,
				79933CB628425C490007174B /* HtmlToSwiftBirds.swift in Sources */,
				79933CD3284283F10007174B /* ComingSoonView.swift in Sources */,
				79933CC528426C0E0007174B /* Tool.swift in Sources */,
				5A1C59FB285494C600A0595D /* VaporCodeViewModel.swift in Sources */,
			);
			runOnlyForDeploymentPostprocessing = 0;
		};
		79C12BDD28423EF000F19A86 /* Sources */ = {
			isa = PBXSourcesBuildPhase;
			buildActionMask = 2147483647;
			files = (
				79933CC3284268B40007174B /* MainSidebarView.swift in Sources */,
				79C8EBF12842D80200CBD622 /* ToggleSidebarButton.swift in Sources */,
				5A1C59FF285495BF00A0595D /* FormVaporPropertyView.swift in Sources */,
				5A3459C6286780D700C7A351 /* PrefixSuffixModel.swift in Sources */,
				79C12BE728423EF000F19A86 /* ContentView.swift in Sources */,
				7998D5102843B52000578C5A /* ButtonFilePickerPanelView.swift in Sources */,
				5A3256AC284CBB9D00567EA8 /* TextStyle.swift in Sources */,
				5A1C59F9285490C300A0595D /* VaporProperty.swift in Sources */,
				5AEB6A54284B4BF000541959 /* RegexMatchListView.swift in Sources */,
				5A3459C228677E3000C7A351 /* PrefixSuffixFinalView.swift in Sources */,
				79933CC02842686F0007174B /* MainView.swift in Sources */,
				5AFD0D702868930000AC5652 /* PopOver.swift in Sources */,
				5AEB6A59284B4D3C00541959 /* PatternInputView.swift in Sources */,
				7998D5142843B5ED00578C5A /* PreviewData.swift in Sources */,
				5A451E89284BFB410093BFE0 /* CaseConverterView.swift in Sources */,
				5A77357C28550D4C00614E2E /* VaporModel.swift in Sources */,
				5A7735762855067B00614E2E /* FieldPropertyWrapperView.swift in Sources */,
				79933CB4284258D10007174B /* InputToOutputView.swift in Sources */,
				7998D5192843BDCD00578C5A /* FileSearchModel.swift in Sources */,
				5A1C59F82854908F00A0595D /* InputVaporPropertyView.swift in Sources */,
				5AEB6A5C284B4DA500541959 /* RegexViewModel.swift in Sources */,
				79B886552870F13F008AF9EC /* MacProgressSpinner.swift in Sources */,
				5A7735722854E75D00614E2E /* VDKComboBox.swift in Sources */,
				79C12BFC2842403800F19A86 /* UserEditorView.swift in Sources */,
				5A451E86284BF2180093BFE0 /* CaseConversionViewModel.swift in Sources */,
				7998D5112843B52500578C5A /* FoundFilesView.swift in Sources */,
				5A77356F2854C1DC00614E2E /* Extensions.swift in Sources */,
				5A77356C2854BDD600614E2E /* VaporOutputEditorView.swift in Sources */,
				7998D50A2843B10700578C5A /* SearchTextFilesView.swift in Sources */,
				79C12BE528423EF000F19A86 /* DimeADozenApp.swift in Sources */,
				7998D51C2843C31300578C5A /* FileContentView.swift in Sources */,
				5A773582285556EA00614E2E /* LazyTextField.swift in Sources */,
				5A1C5A022854971D00A0595D /* VaporCodeFinalView.swift in Sources */,
				5A7735792855071F00614E2E /* FieldTimestampTriggerView.swift in Sources */,
				7998D50B2843B11000578C5A /* ShellCommand.swift in Sources */,
				5A3256AF284CBBD200567EA8 /* TextStyleImplement.swift in Sources */,
				79933CB728425C490007174B /* HtmlToSwiftBirds.swift in Sources */,
				5A3459C328677E3300C7A351 /* UserInputPrefixSuffix.swift in Sources */,
				79933CD4284283F10007174B /* ComingSoonView.swift in Sources */,
				79933CC628426C0E0007174B /* Tool.swift in Sources */,
				5A1C59FC285494C600A0595D /* VaporCodeViewModel.swift in Sources */,
			);
			runOnlyForDeploymentPostprocessing = 0;
		};
/* End PBXSourcesBuildPhase section */

/* Begin XCBuildConfiguration section */
		79C12BEA28423EF000F19A86 /* Debug */ = {
			isa = XCBuildConfiguration;
			buildSettings = {
				ALWAYS_SEARCH_USER_PATHS = NO;
				CLANG_ANALYZER_NONNULL = YES;
				CLANG_ANALYZER_NUMBER_OBJECT_CONVERSION = YES_AGGRESSIVE;
				CLANG_CXX_LANGUAGE_STANDARD = "gnu++17";
				CLANG_ENABLE_MODULES = YES;
				CLANG_ENABLE_OBJC_ARC = YES;
				CLANG_ENABLE_OBJC_WEAK = YES;
				CLANG_WARN_BLOCK_CAPTURE_AUTORELEASING = YES;
				CLANG_WARN_BOOL_CONVERSION = YES;
				CLANG_WARN_COMMA = YES;
				CLANG_WARN_CONSTANT_CONVERSION = YES;
				CLANG_WARN_DEPRECATED_OBJC_IMPLEMENTATIONS = YES;
				CLANG_WARN_DIRECT_OBJC_ISA_USAGE = YES_ERROR;
				CLANG_WARN_DOCUMENTATION_COMMENTS = YES;
				CLANG_WARN_EMPTY_BODY = YES;
				CLANG_WARN_ENUM_CONVERSION = YES;
				CLANG_WARN_INFINITE_RECURSION = YES;
				CLANG_WARN_INT_CONVERSION = YES;
				CLANG_WARN_NON_LITERAL_NULL_CONVERSION = YES;
				CLANG_WARN_OBJC_IMPLICIT_RETAIN_SELF = YES;
				CLANG_WARN_OBJC_LITERAL_CONVERSION = YES;
				CLANG_WARN_OBJC_ROOT_CLASS = YES_ERROR;
				CLANG_WARN_QUOTED_INCLUDE_IN_FRAMEWORK_HEADER = YES;
				CLANG_WARN_RANGE_LOOP_ANALYSIS = YES;
				CLANG_WARN_STRICT_PROTOTYPES = YES;
				CLANG_WARN_SUSPICIOUS_MOVE = YES;
				CLANG_WARN_UNGUARDED_AVAILABILITY = YES_AGGRESSIVE;
				CLANG_WARN_UNREACHABLE_CODE = YES;
				CLANG_WARN__DUPLICATE_METHOD_MATCH = YES;
				COPY_PHASE_STRIP = NO;
				DEBUG_INFORMATION_FORMAT = dwarf;
				ENABLE_STRICT_OBJC_MSGSEND = YES;
				ENABLE_TESTABILITY = YES;
				GCC_C_LANGUAGE_STANDARD = gnu11;
				GCC_DYNAMIC_NO_PIC = NO;
				GCC_NO_COMMON_BLOCKS = YES;
				GCC_OPTIMIZATION_LEVEL = 0;
				GCC_PREPROCESSOR_DEFINITIONS = (
					"DEBUG=1",
					"$(inherited)",
				);
				GCC_WARN_64_TO_32_BIT_CONVERSION = YES;
				GCC_WARN_ABOUT_RETURN_TYPE = YES_ERROR;
				GCC_WARN_UNDECLARED_SELECTOR = YES;
				GCC_WARN_UNINITIALIZED_AUTOS = YES_AGGRESSIVE;
				GCC_WARN_UNUSED_FUNCTION = YES;
				GCC_WARN_UNUSED_VARIABLE = YES;
				MTL_ENABLE_DEBUG_INFO = INCLUDE_SOURCE;
				MTL_FAST_MATH = YES;
				ONLY_ACTIVE_ARCH = YES;
				SWIFT_ACTIVE_COMPILATION_CONDITIONS = DEBUG;
				SWIFT_OPTIMIZATION_LEVEL = "-Onone";
			};
			name = Debug;
		};
		79C12BEB28423EF000F19A86 /* Release */ = {
			isa = XCBuildConfiguration;
			buildSettings = {
				ALWAYS_SEARCH_USER_PATHS = NO;
				CLANG_ANALYZER_NONNULL = YES;
				CLANG_ANALYZER_NUMBER_OBJECT_CONVERSION = YES_AGGRESSIVE;
				CLANG_CXX_LANGUAGE_STANDARD = "gnu++17";
				CLANG_ENABLE_MODULES = YES;
				CLANG_ENABLE_OBJC_ARC = YES;
				CLANG_ENABLE_OBJC_WEAK = YES;
				CLANG_WARN_BLOCK_CAPTURE_AUTORELEASING = YES;
				CLANG_WARN_BOOL_CONVERSION = YES;
				CLANG_WARN_COMMA = YES;
				CLANG_WARN_CONSTANT_CONVERSION = YES;
				CLANG_WARN_DEPRECATED_OBJC_IMPLEMENTATIONS = YES;
				CLANG_WARN_DIRECT_OBJC_ISA_USAGE = YES_ERROR;
				CLANG_WARN_DOCUMENTATION_COMMENTS = YES;
				CLANG_WARN_EMPTY_BODY = YES;
				CLANG_WARN_ENUM_CONVERSION = YES;
				CLANG_WARN_INFINITE_RECURSION = YES;
				CLANG_WARN_INT_CONVERSION = YES;
				CLANG_WARN_NON_LITERAL_NULL_CONVERSION = YES;
				CLANG_WARN_OBJC_IMPLICIT_RETAIN_SELF = YES;
				CLANG_WARN_OBJC_LITERAL_CONVERSION = YES;
				CLANG_WARN_OBJC_ROOT_CLASS = YES_ERROR;
				CLANG_WARN_QUOTED_INCLUDE_IN_FRAMEWORK_HEADER = YES;
				CLANG_WARN_RANGE_LOOP_ANALYSIS = YES;
				CLANG_WARN_STRICT_PROTOTYPES = YES;
				CLANG_WARN_SUSPICIOUS_MOVE = YES;
				CLANG_WARN_UNGUARDED_AVAILABILITY = YES_AGGRESSIVE;
				CLANG_WARN_UNREACHABLE_CODE = YES;
				CLANG_WARN__DUPLICATE_METHOD_MATCH = YES;
				COPY_PHASE_STRIP = NO;
				DEBUG_INFORMATION_FORMAT = "dwarf-with-dsym";
				ENABLE_NS_ASSERTIONS = NO;
				ENABLE_STRICT_OBJC_MSGSEND = YES;
				GCC_C_LANGUAGE_STANDARD = gnu11;
				GCC_NO_COMMON_BLOCKS = YES;
				GCC_WARN_64_TO_32_BIT_CONVERSION = YES;
				GCC_WARN_ABOUT_RETURN_TYPE = YES_ERROR;
				GCC_WARN_UNDECLARED_SELECTOR = YES;
				GCC_WARN_UNINITIALIZED_AUTOS = YES_AGGRESSIVE;
				GCC_WARN_UNUSED_FUNCTION = YES;
				GCC_WARN_UNUSED_VARIABLE = YES;
				MTL_ENABLE_DEBUG_INFO = NO;
				MTL_FAST_MATH = YES;
				SWIFT_COMPILATION_MODE = wholemodule;
				SWIFT_OPTIMIZATION_LEVEL = "-O";
			};
			name = Release;
		};
		79C12BED28423EF000F19A86 /* Debug */ = {
			isa = XCBuildConfiguration;
			buildSettings = {
				ASSETCATALOG_COMPILER_APPICON_NAME = AppIcon;
				ASSETCATALOG_COMPILER_GLOBAL_ACCENT_COLOR_NAME = AccentColor;
				CODE_SIGN_STYLE = Automatic;
				CURRENT_PROJECT_VERSION = 1;
				ENABLE_PREVIEWS = YES;
				GENERATE_INFOPLIST_FILE = YES;
				INFOPLIST_KEY_UIApplicationSceneManifest_Generation = YES;
				INFOPLIST_KEY_UIApplicationSupportsIndirectInputEvents = YES;
				INFOPLIST_KEY_UILaunchScreen_Generation = YES;
				INFOPLIST_KEY_UISupportedInterfaceOrientations_iPad = "UIInterfaceOrientationPortrait UIInterfaceOrientationPortraitUpsideDown UIInterfaceOrientationLandscapeLeft UIInterfaceOrientationLandscapeRight";
				INFOPLIST_KEY_UISupportedInterfaceOrientations_iPhone = "UIInterfaceOrientationPortrait UIInterfaceOrientationLandscapeLeft UIInterfaceOrientationLandscapeRight";
				IPHONEOS_DEPLOYMENT_TARGET = 15.5;
				LD_RUNPATH_SEARCH_PATHS = (
					"$(inherited)",
					"@executable_path/Frameworks",
				);
				MARKETING_VERSION = 1.0;
				PRODUCT_BUNDLE_IDENTIFIER = atacan.DimeADozen;
				PRODUCT_NAME = DimeADozen;
				SDKROOT = iphoneos;
				SWIFT_EMIT_LOC_STRINGS = YES;
				SWIFT_VERSION = 5.0;
				TARGETED_DEVICE_FAMILY = "1,2";
			};
			name = Debug;
		};
		79C12BEE28423EF000F19A86 /* Release */ = {
			isa = XCBuildConfiguration;
			buildSettings = {
				ASSETCATALOG_COMPILER_APPICON_NAME = AppIcon;
				ASSETCATALOG_COMPILER_GLOBAL_ACCENT_COLOR_NAME = AccentColor;
				CODE_SIGN_STYLE = Automatic;
				CURRENT_PROJECT_VERSION = 1;
				ENABLE_PREVIEWS = YES;
				GENERATE_INFOPLIST_FILE = YES;
				INFOPLIST_KEY_UIApplicationSceneManifest_Generation = YES;
				INFOPLIST_KEY_UIApplicationSupportsIndirectInputEvents = YES;
				INFOPLIST_KEY_UILaunchScreen_Generation = YES;
				INFOPLIST_KEY_UISupportedInterfaceOrientations_iPad = "UIInterfaceOrientationPortrait UIInterfaceOrientationPortraitUpsideDown UIInterfaceOrientationLandscapeLeft UIInterfaceOrientationLandscapeRight";
				INFOPLIST_KEY_UISupportedInterfaceOrientations_iPhone = "UIInterfaceOrientationPortrait UIInterfaceOrientationLandscapeLeft UIInterfaceOrientationLandscapeRight";
				IPHONEOS_DEPLOYMENT_TARGET = 15.5;
				LD_RUNPATH_SEARCH_PATHS = (
					"$(inherited)",
					"@executable_path/Frameworks",
				);
				MARKETING_VERSION = 1.0;
				PRODUCT_BUNDLE_IDENTIFIER = atacan.DimeADozen;
				PRODUCT_NAME = DimeADozen;
				SDKROOT = iphoneos;
				SWIFT_EMIT_LOC_STRINGS = YES;
				SWIFT_VERSION = 5.0;
				TARGETED_DEVICE_FAMILY = "1,2";
				VALIDATE_PRODUCT = YES;
			};
			name = Release;
		};
		79C12BF028423EF000F19A86 /* Debug */ = {
			isa = XCBuildConfiguration;
			buildSettings = {
				ASSETCATALOG_COMPILER_APPICON_NAME = AppIcon;
				ASSETCATALOG_COMPILER_GLOBAL_ACCENT_COLOR_NAME = AccentColor;
				ASSETCATALOG_COMPILER_INCLUDE_ALL_APPICON_ASSETS = NO;
				CODE_SIGN_ENTITLEMENTS = macOS/macOS.entitlements;
				CODE_SIGN_STYLE = Automatic;
				COMBINE_HIDPI_IMAGES = YES;
				CURRENT_PROJECT_VERSION = 1;
				ENABLE_PREVIEWS = YES;
				GENERATE_INFOPLIST_FILE = YES;
				INFOPLIST_KEY_NSHumanReadableCopyright = "";
				LD_RUNPATH_SEARCH_PATHS = (
					"$(inherited)",
					"@executable_path/../Frameworks",
				);
				MACOSX_DEPLOYMENT_TARGET = 12.2;
				MARKETING_VERSION = 1.0;
				PRODUCT_BUNDLE_IDENTIFIER = atacan.DimeADozen;
				PRODUCT_NAME = DimeADozen;
				SDKROOT = macosx;
				SWIFT_EMIT_LOC_STRINGS = YES;
				SWIFT_VERSION = 5.0;
			};
			name = Debug;
		};
		79C12BF128423EF000F19A86 /* Release */ = {
			isa = XCBuildConfiguration;
			buildSettings = {
				ASSETCATALOG_COMPILER_APPICON_NAME = AppIcon;
				ASSETCATALOG_COMPILER_GLOBAL_ACCENT_COLOR_NAME = AccentColor;
				ASSETCATALOG_COMPILER_INCLUDE_ALL_APPICON_ASSETS = NO;
				CODE_SIGN_ENTITLEMENTS = macOS/macOS.entitlements;
				CODE_SIGN_STYLE = Automatic;
				COMBINE_HIDPI_IMAGES = YES;
				CURRENT_PROJECT_VERSION = 1;
				ENABLE_PREVIEWS = YES;
				GENERATE_INFOPLIST_FILE = YES;
				INFOPLIST_KEY_NSHumanReadableCopyright = "";
				LD_RUNPATH_SEARCH_PATHS = (
					"$(inherited)",
					"@executable_path/../Frameworks",
				);
				MACOSX_DEPLOYMENT_TARGET = 12.2;
				MARKETING_VERSION = 1.0;
				PRODUCT_BUNDLE_IDENTIFIER = atacan.DimeADozen;
				PRODUCT_NAME = DimeADozen;
				SDKROOT = macosx;
				SWIFT_EMIT_LOC_STRINGS = YES;
				SWIFT_VERSION = 5.0;
			};
			name = Release;
		};
/* End XCBuildConfiguration section */

/* Begin XCConfigurationList section */
		79C12BD228423EEF00F19A86 /* Build configuration list for PBXProject "DimeADozen" */ = {
			isa = XCConfigurationList;
			buildConfigurations = (
				79C12BEA28423EF000F19A86 /* Debug */,
				79C12BEB28423EF000F19A86 /* Release */,
			);
			defaultConfigurationIsVisible = 0;
			defaultConfigurationName = Release;
		};
		79C12BEC28423EF000F19A86 /* Build configuration list for PBXNativeTarget "DimeADozen (iOS)" */ = {
			isa = XCConfigurationList;
			buildConfigurations = (
				79C12BED28423EF000F19A86 /* Debug */,
				79C12BEE28423EF000F19A86 /* Release */,
			);
			defaultConfigurationIsVisible = 0;
			defaultConfigurationName = Release;
		};
		79C12BEF28423EF000F19A86 /* Build configuration list for PBXNativeTarget "DimeADozen (macOS)" */ = {
			isa = XCConfigurationList;
			buildConfigurations = (
				79C12BF028423EF000F19A86 /* Debug */,
				79C12BF128423EF000F19A86 /* Release */,
			);
			defaultConfigurationIsVisible = 0;
			defaultConfigurationName = Release;
		};
/* End XCConfigurationList section */

/* Begin XCRemoteSwiftPackageReference section */
		5A3459BA286743A400C7A351 /* XCRemoteSwiftPackageReference "MacSwiftUI" */ = {
			isa = XCRemoteSwiftPackageReference;
			repositoryURL = "https://github.com/atacan/MacSwiftUI";
			requirement = {
				kind = versionRange;
				maximumVersion = 5.0.0;
				minimumVersion = 0.0.2;
			};
		};
		79933CBB284266DC0007174B /* XCRemoteSwiftPackageReference "html-swift" */ = {
			isa = XCRemoteSwiftPackageReference;
			repositoryURL = "https://github.com/atacan/html-swift";
			requirement = {
				kind = versionRange;
				maximumVersion = 3.1.0;
				minimumVersion = 1.0.0;
			};
		};
/* End XCRemoteSwiftPackageReference section */

/* Begin XCSwiftPackageProductDependency section */
		5A3459BB286743A400C7A351 /* MacSwiftUI */ = {
			isa = XCSwiftPackageProductDependency;
			package = 5A3459BA286743A400C7A351 /* XCRemoteSwiftPackageReference "MacSwiftUI" */;
			productName = MacSwiftUI;
		};
		79933CB02842573E0007174B /* HtmlSwift */ = {
			isa = XCSwiftPackageProductDependency;
			productName = HtmlSwift;
		};
		79933CBC284266DC0007174B /* HtmlSwift */ = {
			isa = XCSwiftPackageProductDependency;
			package = 79933CBB284266DC0007174B /* XCRemoteSwiftPackageReference "html-swift" */;
			productName = HtmlSwift;
		};
/* End XCSwiftPackageProductDependency section */
	};
	rootObject = 79C12BCF28423EEF00F19A86 /* Project object */;
}
