{
  "pins" : [
    {
      "identity" : "binarybirds-swift-html",
      "kind" : "remoteSourceControl",
      "location" : "https://github.com/atacan/BinaryBirds-swift-html",
      "state" : {
        "revision" : "e07678a77d296e66fa891a9d4d08acc4471d1783",
        "version" : "1.6.11"
      }
    },
    {
      "identity" : "html-swift",
      "kind" : "remoteSourceControl",
      "location" : "https://github.com/atacan/html-swift",
      "state" : {
        "branch" : "main",
        "revision" : "0aa64e1eaeb31044ac98b54a3a794324b1e580ad"
      }
    },
    {
      "identity" : "macswiftui",
      "kind" : "remoteSourceControl",
      "location" : "https://github.com/atacan/MacSwiftUI",
      "state" : {
        "revision" : "70a56e879c940cad2f95598bb041cb02f5f4235e",
        "version" : "0.0.2"
      }
    },
    {
      "identity" : "pointfreeco-swift-html",
      "kind" : "remoteSourceControl",
      "location" : "https://github.com/atacan/pointfreeco-swift-html",
      "state" : {
        "revision" : "f53c38c4b841841f36afa1866093c908cadaa736",
        "version" : "0.4.0"
      }
    },
    {
      "identity" : "swift-snapshot-testing",
      "kind" : "remoteSourceControl",
      "location" : "https://github.com/pointfreeco/swift-snapshot-testing.git",
      "state" : {
        "revision" : "f8a9c997c3c1dab4e216a8ec9014e23144cbab37",
        "version" : "1.9.0"
      }
    },
    {
      "identity" : "swiftformat",
      "kind" : "remoteSourceControl",
      "location" : "https://github.com/nicklockwood/SwiftFormat",
      "state" : {
        "revision" : "665c3c58923ee8ac36d3e44b17dc185229cce301",
        "version" : "0.49.13"
      }
    },
    {
      "identity" : "swiftsoup",
      "kind" : "remoteSourceControl",
      "location" : "https://github.com/scinfu/SwiftSoup.git",
      "state" : {
        "revision" : "6778575285177365cbad3e5b8a72f2a20583cfec",
        "version" : "2.4.3"
      }
    }
  ],
  "version" : 2
}
